
Microsoft Visual Studio Solution File, Format Version 12.00
# Visual Studio Version 16
VisualStudioVersion = 16.0.33927.289
MinimumVisualStudioVersion = 10.0.40219.1
Project("{8BC9CEB8-8B4A-11D0-8D11-00A0C91BC942}") = "spd_dump", "spd_dump.vcxproj", "{95B36010-2B80-4CDE-826C-DD260AD4C37C}"
EndProject
Global
	GlobalSection(SolutionConfigurationPlatforms) = preSolution
		CustDebug|Win32 = CustDebug|Win32
		Debug|Win32 = Debug|Win32
		Release|Win32 = Release|Win32
		CustDebug|x64 = CustDebug|x64
		Debug|x64 = Debug|x64
		Release|x64 = Release|x64
	EndGlobalSection
	GlobalSection(ProjectConfigurationPlatforms) = postSolution
		{95B36010-2B80-4CDE-826C-DD260AD4C37C}.CustDebug|Win32.ActiveCfg = CustDebug|Win32
		{95B36010-2B80-4CDE-826C-DD260AD4C37C}.CustDebug|Win32.Build.0 = CustDebug|Win32
		{95B36010-2B80-4CDE-826C-DD260AD4C37C}.Debug|Win32.ActiveCfg = Debug|Win32
		{95B36010-2B80-4CDE-826C-DD260AD4C37C}.Debug|Win32.Build.0 = Debug|Win32
		{95B36010-2B80-4CDE-826C-DD260AD4C37C}.Release|Win32.ActiveCfg = Release|Win32
		{95B36010-2B80-4CDE-826C-DD260AD4C37C}.Release|Win32.Build.0 = Release|Win32
		{95B36010-2B80-4CDE-826C-DD260AD4C37C}.CustDebug|x64.ActiveCfg = CustDebug|x64
		{95B36010-2B80-4CDE-826C-DD260AD4C37C}.CustDebug|x64.Build.0 = CustDebug|x64
		{95B36010-2B80-4CDE-826C-DD260AD4C37C}.Debug|x64.ActiveCfg = Debug|x64
		{95B36010-2B80-4CDE-826C-DD260AD4C37C}.Debug|x64.Build.0 = Debug|x64
		{95B36010-2B80-4CDE-826C-DD260AD4C37C}.Release|x64.ActiveCfg = Release|x64
		{95B36010-2B80-4CDE-826C-DD260AD4C37C}.Release|x64.Build.0 = Release|x64
	EndGlobalSection
	GlobalSection(SolutionProperties) = preSolution
		HideSolutionNode = FALSE
	EndGlobalSection
	GlobalSection(ExtensibilityGlobals) = postSolution
		SolutionGuid = {ADD63148-5B71-4D90-9555-FC6D3A0BB450}
	EndGlobalSection
EndGlobal
